// !$*UTF8*$!
{
	archiveVersion = 1;
	classes = {
	};
	objectVersion = 46;
	objects = {

/* Begin PBXBuildFile section */
		98FAE39A1DEDE42C006A4DB2 /* AVFoundation.framework in Frameworks */ = {isa = PBXBuildFile; fileRef = 98FAE3991DEDE42B006A4DB2 /* AVFoundation.framework */; };
		C73A56E11DBF1813002EDBA7 /* DetectAndDrawFaces.cpp in Sources */ = {isa = PBXBuildFile; fileRef = C73A56DF1DBF1813002EDBA7 /* DetectAndDrawFaces.cpp */; };
		C75327EA1DB1AB370021FC4E /* main.cpp in Sources */ = {isa = PBXBuildFile; fileRef = C75327E91DB1AB370021FC4E /* main.cpp */; };
		C75327F11DB1AE590021FC4E /* libopencv_core.2.4.13.dylib in Frameworks */ = {isa = PBXBuildFile; fileRef = C75327F01DB1AE590021FC4E /* libopencv_core.2.4.13.dylib */; };
		C75327F31DB1AE7A0021FC4E /* libopencv_objdetect.2.4.13.dylib in Frameworks */ = {isa = PBXBuildFile; fileRef = C75327F21DB1AE7A0021FC4E /* libopencv_objdetect.2.4.13.dylib */; };
		C75327F51DB1AE940021FC4E /* libopencv_imgproc.2.4.13.dylib in Frameworks */ = {isa = PBXBuildFile; fileRef = C75327F41DB1AE940021FC4E /* libopencv_imgproc.2.4.13.dylib */; };
		C75327F71DB1B06A0021FC4E /* libopencv_highgui.2.4.13.dylib in Frameworks */ = {isa = PBXBuildFile; fileRef = C75327F61DB1B06A0021FC4E /* libopencv_highgui.2.4.13.dylib */; };
		C77133A51DED4B300007BA78 /* Object_tracking.cpp in Sources */ = {isa = PBXBuildFile; fileRef = C77133A31DED4B300007BA78 /* Object_tracking.cpp */; };
		C7C7C98D1DD97A9400F290EE /* histogram.cpp in Sources */ = {isa = PBXBuildFile; fileRef = C7C7C98B1DD97A9400F290EE /* histogram.cpp */; };
/* End PBXBuildFile section */

/* Begin PBXCopyFilesBuildPhase section */
		C75327E41DB1AB370021FC4E /* CopyFiles */ = {
			isa = PBXCopyFilesBuildPhase;
			buildActionMask = 2147483647;
			dstPath = /usr/share/man/man1/;
			dstSubfolderSpec = 0;
			files = (
			);
			runOnlyForDeploymentPostprocessing = 1;
		};
/* End PBXCopyFilesBuildPhase section */

/* Begin PBXFileReference section */
		98FAE3991DEDE42B006A4DB2 /* AVFoundation.framework */ = {isa = PBXFileReference; lastKnownFileType = wrapper.framework; name = AVFoundation.framework; path = System/Library/Frameworks/AVFoundation.framework; sourceTree = SDKROOT; };
		98FAE39B1DEDE46F006A4DB2 /* 99751__menegass__bongo1.wav */ = {isa = PBXFileReference; lastKnownFileType = audio.wav; name = 99751__menegass__bongo1.wav; path = ../../../../../../WebstormProjects/untitled7/src/99751__menegass__bongo1.wav; sourceTree = "<group>"; };
		98FAE39C1DEDE46F006A4DB2 /* 99752__menegass__bongo2.wav */ = {isa = PBXFileReference; lastKnownFileType = audio.wav; name = 99752__menegass__bongo2.wav; path = ../../../../../../WebstormProjects/untitled7/src/99752__menegass__bongo2.wav; sourceTree = "<group>"; };
		C7002AC21DCD07A20036B12C /* global.h */ = {isa = PBXFileReference; lastKnownFileType = sourcecode.c.h; path = global.h; sourceTree = "<group>"; };
		C73A56DF1DBF1813002EDBA7 /* DetectAndDrawFaces.cpp */ = {isa = PBXFileReference; fileEncoding = 4; lastKnownFileType = sourcecode.cpp.cpp; path = DetectAndDrawFaces.cpp; sourceTree = "<group>"; };
		C73A56E01DBF1813002EDBA7 /* DetectAndDrawFaces.hpp */ = {isa = PBXFileReference; fileEncoding = 4; lastKnownFileType = sourcecode.cpp.h; path = DetectAndDrawFaces.hpp; sourceTree = "<group>"; };
		C75327E61DB1AB370021FC4E /* Virtuoso */ = {isa = PBXFileReference; explicitFileType = "compiled.mach-o.executable"; includeInIndex = 0; path = Virtuoso; sourceTree = BUILT_PRODUCTS_DIR; };
		C75327E91DB1AB370021FC4E /* main.cpp */ = {isa = PBXFileReference; lastKnownFileType = sourcecode.cpp.cpp; path = main.cpp; sourceTree = "<group>"; };
		C75327F01DB1AE590021FC4E /* libopencv_core.2.4.13.dylib */ = {isa = PBXFileReference; lastKnownFileType = "compiled.mach-o.dylib"; name = libopencv_core.2.4.13.dylib; path = "../opencv-2.4.13/build/lib/libopencv_core.2.4.13.dylib"; sourceTree = "<group>"; };
		C75327F21DB1AE7A0021FC4E /* libopencv_objdetect.2.4.13.dylib */ = {isa = PBXFileReference; lastKnownFileType = "compiled.mach-o.dylib"; name = libopencv_objdetect.2.4.13.dylib; path = "../opencv-2.4.13/build/lib/libopencv_objdetect.2.4.13.dylib"; sourceTree = "<group>"; };
		C75327F41DB1AE940021FC4E /* libopencv_imgproc.2.4.13.dylib */ = {isa = PBXFileReference; lastKnownFileType = "compiled.mach-o.dylib"; name = libopencv_imgproc.2.4.13.dylib; path = "../opencv-2.4.13/build/lib/libopencv_imgproc.2.4.13.dylib"; sourceTree = "<group>"; };
		C75327F61DB1B06A0021FC4E /* libopencv_highgui.2.4.13.dylib */ = {isa = PBXFileReference; lastKnownFileType = "compiled.mach-o.dylib"; name = libopencv_highgui.2.4.13.dylib; path = "../opencv-2.4.13/build/lib/libopencv_highgui.2.4.13.dylib"; sourceTree = "<group>"; };
		C77133A31DED4B300007BA78 /* Object_tracking.cpp */ = {isa = PBXFileReference; fileEncoding = 4; lastKnownFileType = sourcecode.cpp.cpp; path = Object_tracking.cpp; sourceTree = "<group>"; };
		C77133A41DED4B300007BA78 /* Object_tracking.hpp */ = {isa = PBXFileReference; fileEncoding = 4; lastKnownFileType = sourcecode.cpp.h; path = Object_tracking.hpp; sourceTree = "<group>"; };
		C7C7C98B1DD97A9400F290EE /* histogram.cpp */ = {isa = PBXFileReference; fileEncoding = 4; lastKnownFileType = sourcecode.cpp.cpp; path = histogram.cpp; sourceTree = "<group>"; };
		C7C7C98C1DD97A9400F290EE /* histogram.hpp */ = {isa = PBXFileReference; fileEncoding = 4; lastKnownFileType = sourcecode.cpp.h; path = histogram.hpp; sourceTree = "<group>"; };
/* End PBXFileReference section */

/* Begin PBXFrameworksBuildPhase section */
		C75327E31DB1AB370021FC4E /* Frameworks */ = {
			isa = PBXFrameworksBuildPhase;
			buildActionMask = 2147483647;
			files = (
				98FAE39A1DEDE42C006A4DB2 /* AVFoundation.framework in Frameworks */,
				C75327F31DB1AE7A0021FC4E /* libopencv_objdetect.2.4.13.dylib in Frameworks */,
				C75327F51DB1AE940021FC4E /* libopencv_imgproc.2.4.13.dylib in Frameworks */,
				C75327F71DB1B06A0021FC4E /* libopencv_highgui.2.4.13.dylib in Frameworks */,
				C75327F11DB1AE590021FC4E /* libopencv_core.2.4.13.dylib in Frameworks */,
			);
			runOnlyForDeploymentPostprocessing = 0;
		};
/* End PBXFrameworksBuildPhase section */

/* Begin PBXGroup section */
		98FAE3981DEDE42B006A4DB2 /* Frameworks */ = {
			isa = PBXGroup;
			children = (
				98FAE3991DEDE42B006A4DB2 /* AVFoundation.framework */,
			);
			name = Frameworks;
			sourceTree = "<group>";
		};
		C75327DD1DB1AB370021FC4E = {
			isa = PBXGroup;
			children = (
				C75327F61DB1B06A0021FC4E /* libopencv_highgui.2.4.13.dylib */,
				C75327F41DB1AE940021FC4E /* libopencv_imgproc.2.4.13.dylib */,
				C75327F21DB1AE7A0021FC4E /* libopencv_objdetect.2.4.13.dylib */,
				C75327F01DB1AE590021FC4E /* libopencv_core.2.4.13.dylib */,
				C75327E81DB1AB370021FC4E /* Virtuoso */,
				C75327E71DB1AB370021FC4E /* Products */,
				98FAE3981DEDE42B006A4DB2 /* Frameworks */,
			);
			sourceTree = "<group>";
		};
		C75327E71DB1AB370021FC4E /* Products */ = {
			isa = PBXGroup;
			children = (
				C75327E61DB1AB370021FC4E /* Virtuoso */,
			);
			name = Products;
			sourceTree = "<group>";
		};
		C75327E81DB1AB370021FC4E /* Virtuoso */ = {
			isa = PBXGroup;
			children = (
				98FAE39C1DEDE46F006A4DB2 /* 99752__menegass__bongo2.wav */,
				98FAE39B1DEDE46F006A4DB2 /* 99751__menegass__bongo1.wav */,
				C75327E91DB1AB370021FC4E /* main.cpp */,
				C77133A31DED4B300007BA78 /* Object_tracking.cpp */,
				C77133A41DED4B300007BA78 /* Object_tracking.hpp */,
				C7C7C98B1DD97A9400F290EE /* histogram.cpp */,
				C7C7C98C1DD97A9400F290EE /* histogram.hpp */,
				C7002AC21DCD07A20036B12C /* global.h */,
				C73A56DF1DBF1813002EDBA7 /* DetectAndDrawFaces.cpp */,
				C73A56E01DBF1813002EDBA7 /* DetectAndDrawFaces.hpp */,
			);
			path = Virtuoso;
			sourceTree = "<group>";
		};
/* End PBXGroup section */

/* Begin PBXNativeTarget section */
		C75327E51DB1AB370021FC4E /* Virtuoso */ = {
			isa = PBXNativeTarget;
			buildConfigurationList = C75327ED1DB1AB370021FC4E /* Build configuration list for PBXNativeTarget "Virtuoso" */;
			buildPhases = (
				C75327E21DB1AB370021FC4E /* Sources */,
				C75327E31DB1AB370021FC4E /* Frameworks */,
				C75327E41DB1AB370021FC4E /* CopyFiles */,
			);
			buildRules = (
			);
			dependencies = (
			);
			name = Virtuoso;
			productName = Virtuoso;
			productReference = C75327E61DB1AB370021FC4E /* Virtuoso */;
			productType = "com.apple.product-type.tool";
		};
/* End PBXNativeTarget section */

/* Begin PBXProject section */
		C75327DE1DB1AB370021FC4E /* Project object */ = {
			isa = PBXProject;
			attributes = {
				LastUpgradeCheck = 0810;
				ORGANIZATIONNAME = self.edu;
				TargetAttributes = {
					C75327E51DB1AB370021FC4E = {
						CreatedOnToolsVersion = 7.2.1;
					};
				};
			};
			buildConfigurationList = C75327E11DB1AB370021FC4E /* Build configuration list for PBXProject "Virtuoso" */;
			compatibilityVersion = "Xcode 3.2";
			developmentRegion = English;
			hasScannedForEncodings = 0;
			knownRegions = (
				en,
			);
			mainGroup = C75327DD1DB1AB370021FC4E;
			productRefGroup = C75327E71DB1AB370021FC4E /* Products */;
			projectDirPath = "";
			projectRoot = "";
			targets = (
				C75327E51DB1AB370021FC4E /* Virtuoso */,
			);
		};
/* End PBXProject section */

/* Begin PBXSourcesBuildPhase section */
		C75327E21DB1AB370021FC4E /* Sources */ = {
			isa = PBXSourcesBuildPhase;
			buildActionMask = 2147483647;
			files = (
				C75327EA1DB1AB370021FC4E /* main.cpp in Sources */,
				C77133A51DED4B300007BA78 /* Object_tracking.cpp in Sources */,
				C7C7C98D1DD97A9400F290EE /* histogram.cpp in Sources */,
				C73A56E11DBF1813002EDBA7 /* DetectAndDrawFaces.cpp in Sources */,
			);
			runOnlyForDeploymentPostprocessing = 0;
		};
/* End PBXSourcesBuildPhase section */

/* Begin XCBuildConfiguration section */
		C75327EB1DB1AB370021FC4E /* Debug */ = {
			isa = XCBuildConfiguration;
			buildSettings = {
				ALWAYS_SEARCH_USER_PATHS = NO;
				CLANG_CXX_LANGUAGE_STANDARD = "gnu++0x";
				CLANG_CXX_LIBRARY = "libc++";
				CLANG_ENABLE_MODULES = YES;
				CLANG_ENABLE_OBJC_ARC = YES;
				CLANG_WARN_BOOL_CONVERSION = YES;
				CLANG_WARN_CONSTANT_CONVERSION = YES;
				CLANG_WARN_DIRECT_OBJC_ISA_USAGE = YES_ERROR;
				CLANG_WARN_EMPTY_BODY = YES;
				CLANG_WARN_ENUM_CONVERSION = YES;
				CLANG_WARN_INFINITE_RECURSION = YES;
				CLANG_WARN_INT_CONVERSION = YES;
				CLANG_WARN_OBJC_ROOT_CLASS = YES_ERROR;
				CLANG_WARN_SUSPICIOUS_MOVE = YES;
				CLANG_WARN_UNREACHABLE_CODE = YES;
				CLANG_WARN__DUPLICATE_METHOD_MATCH = YES;
				CODE_SIGN_IDENTITY = "-";
				COPY_PHASE_STRIP = NO;
				DEBUG_INFORMATION_FORMAT = dwarf;
				ENABLE_STRICT_OBJC_MSGSEND = YES;
				ENABLE_TESTABILITY = YES;
				GCC_C_LANGUAGE_STANDARD = gnu99;
				GCC_DYNAMIC_NO_PIC = NO;
				GCC_INLINES_ARE_PRIVATE_EXTERN = NO;
				GCC_NO_COMMON_BLOCKS = YES;
				GCC_OPTIMIZATION_LEVEL = 0;
				GCC_PREPROCESSOR_DEFINITIONS = (
					"DEBUG=1",
					"$(inherited)",
				);
				GCC_WARN_64_TO_32_BIT_CONVERSION = YES;
				GCC_WARN_ABOUT_RETURN_TYPE = YES_ERROR;
				GCC_WARN_UNDECLARED_SELECTOR = YES;
				GCC_WARN_UNINITIALIZED_AUTOS = YES_AGGRESSIVE;
				GCC_WARN_UNUSED_FUNCTION = YES;
				GCC_WARN_UNUSED_VARIABLE = YES;
				LIBRARY_SEARCH_PATHS = "/Users/lindsay/Desktop/eecs\\332/FinalProject/Virtuoso/opencv-2.4.13/build/lib";
				MACOSX_DEPLOYMENT_TARGET = 10.11;
				MTL_ENABLE_DEBUG_INFO = YES;
				ONLY_ACTIVE_ARCH = YES;
				SDKROOT = macosx;
			};
			name = Debug;
		};
		C75327EC1DB1AB370021FC4E /* Release */ = {
			isa = XCBuildConfiguration;
			buildSettings = {
				ALWAYS_SEARCH_USER_PATHS = NO;
				CLANG_CXX_LANGUAGE_STANDARD = "gnu++0x";
				CLANG_CXX_LIBRARY = "libc++";
				CLANG_ENABLE_MODULES = YES;
				CLANG_ENABLE_OBJC_ARC = YES;
				CLANG_WARN_BOOL_CONVERSION = YES;
				CLANG_WARN_CONSTANT_CONVERSION = YES;
				CLANG_WARN_DIRECT_OBJC_ISA_USAGE = YES_ERROR;
				CLANG_WARN_EMPTY_BODY = YES;
				CLANG_WARN_ENUM_CONVERSION = YES;
				CLANG_WARN_INFINITE_RECURSION = YES;
				CLANG_WARN_INT_CONVERSION = YES;
				CLANG_WARN_OBJC_ROOT_CLASS = YES_ERROR;
				CLANG_WARN_SUSPICIOUS_MOVE = YES;
				CLANG_WARN_UNREACHABLE_CODE = YES;
				CLANG_WARN__DUPLICATE_METHOD_MATCH = YES;
				CODE_SIGN_IDENTITY = "-";
				COPY_PHASE_STRIP = NO;
				DEBUG_INFORMATION_FORMAT = "dwarf-with-dsym";
				ENABLE_NS_ASSERTIONS = NO;
				ENABLE_STRICT_OBJC_MSGSEND = YES;
				"FRAMEWORK_SEARCH_PATHS[arch=*]" = "";
				GCC_C_LANGUAGE_STANDARD = gnu99;
				GCC_INLINES_ARE_PRIVATE_EXTERN = NO;
				GCC_NO_COMMON_BLOCKS = YES;
				GCC_WARN_64_TO_32_BIT_CONVERSION = YES;
				GCC_WARN_ABOUT_RETURN_TYPE = YES_ERROR;
				GCC_WARN_UNDECLARED_SELECTOR = YES;
				GCC_WARN_UNINITIALIZED_AUTOS = YES_AGGRESSIVE;
				GCC_WARN_UNUSED_FUNCTION = YES;
				GCC_WARN_UNUSED_VARIABLE = YES;
				LIBRARY_SEARCH_PATHS = "/Users/lindsay/Desktop/eecs\\332/FinalProject/Virtuoso/opencv-2.4.13/build/lib";
				MACOSX_DEPLOYMENT_TARGET = 10.11;
				MTL_ENABLE_DEBUG_INFO = NO;
				SDKROOT = macosx;
			};
			name = Release;
		};
		C75327EE1DB1AB370021FC4E /* Debug */ = {
			isa = XCBuildConfiguration;
			buildSettings = {
				ALWAYS_SEARCH_USER_PATHS = YES;
				FRAMEWORK_SEARCH_PATHS = /usr/local/lib;
				HEADER_SEARCH_PATHS = /usr/local/include;
				LIBRARY_SEARCH_PATHS = "\"/Users/lindsay/Desktop/eecs 332/FinalProject/Virtuoso/opencv-2.4.13/build/lib\"";
				PRODUCT_NAME = "$(TARGET_NAME)";
			};
			name = Debug;
		};
		C75327EF1DB1AB370021FC4E /* Release */ = {
			isa = XCBuildConfiguration;
			buildSettings = {
				ALWAYS_SEARCH_USER_PATHS = YES;
				FRAMEWORK_SEARCH_PATHS = /usr/local/lib;
				HEADER_SEARCH_PATHS = /usr/local/include;
				LIBRARY_SEARCH_PATHS = "\"/Users/lindsay/Desktop/eecs 332/FinalProject/Virtuoso/opencv-2.4.13/build/lib\"";
				PRODUCT_NAME = "$(TARGET_NAME)";
			};
			name = Release;
		};
/* End XCBuildConfiguration section */

/* Begin XCConfigurationList section */
		C75327E11DB1AB370021FC4E /* Build configuration list for PBXProject "Virtuoso" */ = {
			isa = XCConfigurationList;
			buildConfigurations = (
				C75327EB1DB1AB370021FC4E /* Debug */,
				C75327EC1DB1AB370021FC4E /* Release */,
			);
			defaultConfigurationIsVisible = 0;
			defaultConfigurationName = Release;
		};
		C75327ED1DB1AB370021FC4E /* Build configuration list for PBXNativeTarget "Virtuoso" */ = {
			isa = XCConfigurationList;
			buildConfigurations = (
				C75327EE1DB1AB370021FC4E /* Debug */,
				C75327EF1DB1AB370021FC4E /* Release */,
			);
			defaultConfigurationIsVisible = 0;
			defaultConfigurationName = Release;
		};
/* End XCConfigurationList section */
	};
	rootObject = C75327DE1DB1AB370021FC4E /* Project object */;
}
